{
    "name": "java-spring-extension-pack",
    "version": "0.0.3",
    "lockfileVersion": 2,
    "requires": true,
    "packages": {
        "": {
            "name": "java-spring-extension-pack",
            "version": "0.0.3",
            "license": "SEE LICENSE IN LICENSE.md",
            "engines": {
                "vscode": "^1.32.0"
            }
        }
    }
}
